
Microsoft Visual Studio Solution File, Format Version 12.00
# Visual Studio Version 17
VisualStudioVersion = 17.0.31912.275
MinimumVisualStudioVersion = 10.0.40219.1
Project("{9A19103F-16F7-4668-BE54-9A1E7A4F7556}") = "Hotel_management", "Hotel management\Hotel_management.csproj", "{F797D8E4-55FA-422C-8777-5DA484155A61}"
EndProject
Global
	GlobalSection(SolutionConfigurationPlatforms) = preSolution
		Debug|Any CPU = Debug|Any CPU
		Release|Any CPU = Release|Any CPU
	EndGlobalSection
	GlobalSection(ProjectConfigurationPlatforms) = postSolution
		{F797D8E4-55FA-422C-8777-5DA484155A61}.Debug|Any CPU.ActiveCfg = Debug|Any CPU
		{F797D8E4-55FA-422C-8777-5DA484155A61}.Debug|Any CPU.Build.0 = Debug|Any CPU
		{F797D8E4-55FA-422C-8777-5DA484155A61}.Release|Any CPU.ActiveCfg = Release|Any CPU
		{F797D8E4-55FA-422C-8777-5DA484155A61}.Release|Any CPU.Build.0 = Release|Any CPU
	EndGlobalSection
	GlobalSection(SolutionProperties) = preSolution
		HideSolutionNode = FALSE
	EndGlobalSection
	GlobalSection(ExtensibilityGlobals) = postSolution
		SolutionGuid = {69CFAF80-EAF6-4882-9F8D-6C170C3979FE}
	EndGlobalSection
EndGlobal
